
Microsoft Visual Studio Solution File, Format Version 12.00
# Visual Studio Version 16
VisualStudioVersion = 16.0.28803.156
MinimumVisualStudioVersion = 10.0.40219.1
Project("{FAE04EC0-301F-11D3-BF4B-00C04F79EFBC}") = "FixDoubleClick", "FixDoubleClick.csproj", "{9ED533F2-B8AA-4C2B-90D1-02F39600946D}"
EndProject
Global
	GlobalSection(SolutionConfigurationPlatforms) = preSolution
		Debug|Any CPU = Debug|Any CPU
		Release|Any CPU = Release|Any CPU
	EndGlobalSection
	GlobalSection(ProjectConfigurationPlatforms) = postSolution
		{9ED533F2-B8AA-4C2B-90D1-02F39600946D}.Debug|Any CPU.ActiveCfg = Debug|Any CPU
		{9ED533F2-B8AA-4C2B-90D1-02F39600946D}.Debug|Any CPU.Build.0 = Debug|Any CPU
		{9ED533F2-B8AA-4C2B-90D1-02F39600946D}.Release|Any CPU.ActiveCfg = Release|Any CPU
		{9ED533F2-B8AA-4C2B-90D1-02F39600946D}.Release|Any CPU.Build.0 = Release|Any CPU
	EndGlobalSection
	GlobalSection(SolutionProperties) = preSolution
		HideSolutionNode = FALSE
	EndGlobalSection
	GlobalSection(ExtensibilityGlobals) = postSolution
		SolutionGuid = {3C671BF4-C987-4D68-A9C8-9F306D65684D}
	EndGlobalSection
EndGlobal
